// !$*UTF8*$!
{
	archiveVersion = 1;
	classes = {
	};
	objectVersion = 46;
	objects = {

/* Begin PBXBuildFile section */
		842507681AE6DABE004937EB /* main.m in Sources */ = {isa = PBXBuildFile; fileRef = 842507671AE6DABE004937EB /* main.m */; };
		8425076B1AE6DABE004937EB /* AppDelegate.m in Sources */ = {isa = PBXBuildFile; fileRef = 8425076A1AE6DABE004937EB /* AppDelegate.m */; };
		8425076E1AE6DABE004937EB /* ViewController.m in Sources */ = {isa = PBXBuildFile; fileRef = 8425076D1AE6DABE004937EB /* ViewController.m */; };
		842507711AE6DABE004937EB /* Main.storyboard in Resources */ = {isa = PBXBuildFile; fileRef = 8425076F1AE6DABE004937EB /* Main.storyboard */; };
		842507731AE6DABE004937EB /* Images.xcassets in Resources */ = {isa = PBXBuildFile; fileRef = 842507721AE6DABE004937EB /* Images.xcassets */; };
		842507761AE6DABE004937EB /* LaunchScreen.xib in Resources */ = {isa = PBXBuildFile; fileRef = 842507741AE6DABE004937EB /* LaunchScreen.xib */; };
		842507821AE6DABE004937EB /* Tutorial_1Tests.m in Sources */ = {isa = PBXBuildFile; fileRef = 842507811AE6DABE004937EB /* Tutorial_1Tests.m */; };
		8425078E1AE6DD88004937EB /* Tutorial_1ViewController.m in Sources */ = {isa = PBXBuildFile; fileRef = 8425078C1AE6DD88004937EB /* Tutorial_1ViewController.m */; };
		8425078F1AE6DD88004937EB /* Tutorial_1ViewController.xib in Resources */ = {isa = PBXBuildFile; fileRef = 8425078D1AE6DD88004937EB /* Tutorial_1ViewController.xib */; };
/* End PBXBuildFile section */

/* Begin PBXContainerItemProxy section */
		8425077C1AE6DABE004937EB /* PBXContainerItemProxy */ = {
			isa = PBXContainerItemProxy;
			containerPortal = 8425075A1AE6DABE004937EB /* Project object */;
			proxyType = 1;
			remoteGlobalIDString = 842507611AE6DABE004937EB;
			remoteInfo = Tutorial_1;
		};
/* End PBXContainerItemProxy section */

/* Begin PBXFileReference section */
		842507621AE6DABE004937EB /* Tutorial_1.app */ = {isa = PBXFileReference; explicitFileType = wrapper.application; includeInIndex = 0; path = Tutorial_1.app; sourceTree = BUILT_PRODUCTS_DIR; };
		842507661AE6DABE004937EB /* Info.plist */ = {isa = PBXFileReference; lastKnownFileType = text.plist.xml; path = Info.plist; sourceTree = "<group>"; };
		842507671AE6DABE004937EB /* main.m */ = {isa = PBXFileReference; lastKnownFileType = sourcecode.c.objc; path = main.m; sourceTree = "<group>"; };
		842507691AE6DABE004937EB /* AppDelegate.h */ = {isa = PBXFileReference; lastKnownFileType = sourcecode.c.h; path = AppDelegate.h; sourceTree = "<group>"; };
		8425076A1AE6DABE004937EB /* AppDelegate.m */ = {isa = PBXFileReference; lastKnownFileType = sourcecode.c.objc; path = AppDelegate.m; sourceTree = "<group>"; };
		8425076C1AE6DABE004937EB /* ViewController.h */ = {isa = PBXFileReference; lastKnownFileType = sourcecode.c.h; path = ViewController.h; sourceTree = "<group>"; };
		8425076D1AE6DABE004937EB /* ViewController.m */ = {isa = PBXFileReference; lastKnownFileType = sourcecode.c.objc; path = ViewController.m; sourceTree = "<group>"; };
		842507701AE6DABE004937EB /* Base */ = {isa = PBXFileReference; lastKnownFileType = file.storyboard; name = Base; path = Base.lproj/Main.storyboard; sourceTree = "<group>"; };
		842507721AE6DABE004937EB /* Images.xcassets */ = {isa = PBXFileReference; lastKnownFileType = folder.assetcatalog; path = Images.xcassets; sourceTree = "<group>"; };
		842507751AE6DABE004937EB /* Base */ = {isa = PBXFileReference; lastKnownFileType = file.xib; name = Base; path = Base.lproj/LaunchScreen.xib; sourceTree = "<group>"; };
		8425077B1AE6DABE004937EB /* Tutorial_1Tests.xctest */ = {isa = PBXFileReference; explicitFileType = wrapper.cfbundle; includeInIndex = 0; path = Tutorial_1Tests.xctest; sourceTree = BUILT_PRODUCTS_DIR; };
		842507801AE6DABE004937EB /* Info.plist */ = {isa = PBXFileReference; lastKnownFileType = text.plist.xml; path = Info.plist; sourceTree = "<group>"; };
		842507811AE6DABE004937EB /* Tutorial_1Tests.m */ = {isa = PBXFileReference; lastKnownFileType = sourcecode.c.objc; path = Tutorial_1Tests.m; sourceTree = "<group>"; };
		8425078B1AE6DD88004937EB /* Tutorial_1ViewController.h */ = {isa = PBXFileReference; fileEncoding = 4; lastKnownFileType = sourcecode.c.h; path = Tutorial_1ViewController.h; sourceTree = "<group>"; };
		8425078C1AE6DD88004937EB /* Tutorial_1ViewController.m */ = {isa = PBXFileReference; fileEncoding = 4; lastKnownFileType = sourcecode.c.objc; path = Tutorial_1ViewController.m; sourceTree = "<group>"; };
		8425078D1AE6DD88004937EB /* Tutorial_1ViewController.xib */ = {isa = PBXFileReference; fileEncoding = 4; lastKnownFileType = file.xib; path = Tutorial_1ViewController.xib; sourceTree = "<group>"; };
/* End PBXFileReference section */

/* Begin PBXFrameworksBuildPhase section */
		8425075F1AE6DABE004937EB /* Frameworks */ = {
			isa = PBXFrameworksBuildPhase;
			buildActionMask = 2147483647;
			files = (
			);
			runOnlyForDeploymentPostprocessing = 0;
		};
		842507781AE6DABE004937EB /* Frameworks */ = {
			isa = PBXFrameworksBuildPhase;
			buildActionMask = 2147483647;
			files = (
			);
			runOnlyForDeploymentPostprocessing = 0;
		};
/* End PBXFrameworksBuildPhase section */

/* Begin PBXGroup section */
		842507591AE6DABE004937EB = {
			isa = PBXGroup;
			children = (
				842507641AE6DABE004937EB /* Tutorial_1 */,
				8425077E1AE6DABE004937EB /* Tutorial_1Tests */,
				842507631AE6DABE004937EB /* Products */,
			);
			sourceTree = "<group>";
		};
		842507631AE6DABE004937EB /* Products */ = {
			isa = PBXGroup;
			children = (
				842507621AE6DABE004937EB /* Tutorial_1.app */,
				8425077B1AE6DABE004937EB /* Tutorial_1Tests.xctest */,
			);
			name = Products;
			sourceTree = "<group>";
		};
		842507641AE6DABE004937EB /* Tutorial_1 */ = {
			isa = PBXGroup;
			children = (
				842507691AE6DABE004937EB /* AppDelegate.h */,
				8425076A1AE6DABE004937EB /* AppDelegate.m */,
				8425076C1AE6DABE004937EB /* ViewController.h */,
				8425076D1AE6DABE004937EB /* ViewController.m */,
				8425076F1AE6DABE004937EB /* Main.storyboard */,
				842507721AE6DABE004937EB /* Images.xcassets */,
				842507741AE6DABE004937EB /* LaunchScreen.xib */,
				842507651AE6DABE004937EB /* Supporting Files */,
				8425078B1AE6DD88004937EB /* Tutorial_1ViewController.h */,
				8425078C1AE6DD88004937EB /* Tutorial_1ViewController.m */,
				8425078D1AE6DD88004937EB /* Tutorial_1ViewController.xib */,
			);
			path = Tutorial_1;
			sourceTree = "<group>";
		};
		842507651AE6DABE004937EB /* Supporting Files */ = {
			isa = PBXGroup;
			children = (
				842507661AE6DABE004937EB /* Info.plist */,
				842507671AE6DABE004937EB /* main.m */,
			);
			name = "Supporting Files";
			sourceTree = "<group>";
		};
		8425077E1AE6DABE004937EB /* Tutorial_1Tests */ = {
			isa = PBXGroup;
			children = (
				842507811AE6DABE004937EB /* Tutorial_1Tests.m */,
				8425077F1AE6DABE004937EB /* Supporting Files */,
			);
			path = Tutorial_1Tests;
			sourceTree = "<group>";
		};
		8425077F1AE6DABE004937EB /* Supporting Files */ = {
			isa = PBXGroup;
			children = (
				842507801AE6DABE004937EB /* Info.plist */,
			);
			name = "Supporting Files";
			sourceTree = "<group>";
		};
/* End PBXGroup section */

/* Begin PBXNativeTarget section */
		842507611AE6DABE004937EB /* Tutorial_1 */ = {
			isa = PBXNativeTarget;
			buildConfigurationList = 842507851AE6DABE004937EB /* Build configuration list for PBXNativeTarget "Tutorial_1" */;
			buildPhases = (
				8425075E1AE6DABE004937EB /* Sources */,
				8425075F1AE6DABE004937EB /* Frameworks */,
				842507601AE6DABE004937EB /* Resources */,
			);
			buildRules = (
			);
			dependencies = (
			);
			name = Tutorial_1;
			productName = Tutorial_1;
			productReference = 842507621AE6DABE004937EB /* Tutorial_1.app */;
			productType = "com.apple.product-type.application";
		};
		8425077A1AE6DABE004937EB /* Tutorial_1Tests */ = {
			isa = PBXNativeTarget;
			buildConfigurationList = 842507881AE6DABE004937EB /* Build configuration list for PBXNativeTarget "Tutorial_1Tests" */;
			buildPhases = (
				842507771AE6DABE004937EB /* Sources */,
				842507781AE6DABE004937EB /* Frameworks */,
				842507791AE6DABE004937EB /* Resources */,
			);
			buildRules = (
			);
			dependencies = (
				8425077D1AE6DABE004937EB /* PBXTargetDependency */,
			);
			name = Tutorial_1Tests;
			productName = Tutorial_1Tests;
			productReference = 8425077B1AE6DABE004937EB /* Tutorial_1Tests.xctest */;
			productType = "com.apple.product-type.bundle.unit-test";
		};
/* End PBXNativeTarget section */

/* Begin PBXProject section */
		8425075A1AE6DABE004937EB /* Project object */ = {
			isa = PBXProject;
			attributes = {
				LastUpgradeCheck = 0620;
				ORGANIZATIONNAME = Admin;
				TargetAttributes = {
					842507611AE6DABE004937EB = {
						CreatedOnToolsVersion = 6.2;
					};
					8425077A1AE6DABE004937EB = {
						CreatedOnToolsVersion = 6.2;
						TestTargetID = 842507611AE6DABE004937EB;
					};
				};
			};
			buildConfigurationList = 8425075D1AE6DABE004937EB /* Build configuration list for PBXProject "Tutorial_1" */;
			compatibilityVersion = "Xcode 3.2";
			developmentRegion = English;
			hasScannedForEncodings = 0;
			knownRegions = (
				en,
				Base,
			);
			mainGroup = 842507591AE6DABE004937EB;
			productRefGroup = 842507631AE6DABE004937EB /* Products */;
			projectDirPath = "";
			projectRoot = "";
			targets = (
				842507611AE6DABE004937EB /* Tutorial_1 */,
				8425077A1AE6DABE004937EB /* Tutorial_1Tests */,
			);
		};
/* End PBXProject section */

/* Begin PBXResourcesBuildPhase section */
		842507601AE6DABE004937EB /* Resources */ = {
			isa = PBXResourcesBuildPhase;
			buildActionMask = 2147483647;
			files = (
				8425078F1AE6DD88004937EB /* Tutorial_1ViewController.xib in Resources */,
				842507711AE6DABE004937EB /* Main.storyboard in Resources */,
				842507761AE6DABE004937EB /* LaunchScreen.xib in Resources */,
				842507731AE6DABE004937EB /* Images.xcassets in Resources */,
			);
			runOnlyForDeploymentPostprocessing = 0;
		};
		842507791AE6DABE004937EB /* Resources */ = {
			isa = PBXResourcesBuildPhase;
			buildActionMask = 2147483647;
			files = (
			);
			runOnlyForDeploymentPostprocessing = 0;
		};
/* End PBXResourcesBuildPhase section */

/* Begin PBXSourcesBuildPhase section */
		8425075E1AE6DABE004937EB /* Sources */ = {
			isa = PBXSourcesBuildPhase;
			buildActionMask = 2147483647;
			files = (
				8425078E1AE6DD88004937EB /* Tutorial_1ViewController.m in Sources */,
				8425076E1AE6DABE004937EB /* ViewController.m in Sources */,
				8425076B1AE6DABE004937EB /* AppDelegate.m in Sources */,
				842507681AE6DABE004937EB /* main.m in Sources */,
			);
			runOnlyForDeploymentPostprocessing = 0;
		};
		842507771AE6DABE004937EB /* Sources */ = {
			isa = PBXSourcesBuildPhase;
			buildActionMask = 2147483647;
			files = (
				842507821AE6DABE004937EB /* Tutorial_1Tests.m in Sources */,
			);
			runOnlyForDeploymentPostprocessing = 0;
		};
/* End PBXSourcesBuildPhase section */

/* Begin PBXTargetDependency section */
		8425077D1AE6DABE004937EB /* PBXTargetDependency */ = {
			isa = PBXTargetDependency;
			target = 842507611AE6DABE004937EB /* Tutorial_1 */;
			targetProxy = 8425077C1AE6DABE004937EB /* PBXContainerItemProxy */;
		};
/* End PBXTargetDependency section */

/* Begin PBXVariantGroup section */
		8425076F1AE6DABE004937EB /* Main.storyboard */ = {
			isa = PBXVariantGroup;
			children = (
				842507701AE6DABE004937EB /* Base */,
			);
			name = Main.storyboard;
			sourceTree = "<group>";
		};
		842507741AE6DABE004937EB /* LaunchScreen.xib */ = {
			isa = PBXVariantGroup;
			children = (
				842507751AE6DABE004937EB /* Base */,
			);
			name = LaunchScreen.xib;
			sourceTree = "<group>";
		};
/* End PBXVariantGroup section */

/* Begin XCBuildConfiguration section */
		842507831AE6DABE004937EB /* Debug */ = {
			isa = XCBuildConfiguration;
			buildSettings = {
				ALWAYS_SEARCH_USER_PATHS = NO;
				CLANG_CXX_LANGUAGE_STANDARD = "gnu++0x";
				CLANG_CXX_LIBRARY = "libc++";
				CLANG_ENABLE_MODULES = YES;
				CLANG_ENABLE_OBJC_ARC = YES;
				CLANG_WARN_BOOL_CONVERSION = YES;
				CLANG_WARN_CONSTANT_CONVERSION = YES;
				CLANG_WARN_DIRECT_OBJC_ISA_USAGE = YES_ERROR;
				CLANG_WARN_EMPTY_BODY = YES;
				CLANG_WARN_ENUM_CONVERSION = YES;
				CLANG_WARN_INT_CONVERSION = YES;
				CLANG_WARN_OBJC_ROOT_CLASS = YES_ERROR;
				CLANG_WARN_UNREACHABLE_CODE = YES;
				CLANG_WARN__DUPLICATE_METHOD_MATCH = YES;
				"CODE_SIGN_IDENTITY[sdk=iphoneos*]" = "iPhone Developer";
				COPY_PHASE_STRIP = NO;
				ENABLE_STRICT_OBJC_MSGSEND = YES;
				GCC_C_LANGUAGE_STANDARD = gnu99;
				GCC_DYNAMIC_NO_PIC = NO;
				GCC_OPTIMIZATION_LEVEL = 0;
				GCC_PREPROCESSOR_DEFINITIONS = (
					"DEBUG=1",
					"$(inherited)",
				);
				GCC_SYMBOLS_PRIVATE_EXTERN = NO;
				GCC_WARN_64_TO_32_BIT_CONVERSION = YES;
				GCC_WARN_ABOUT_RETURN_TYPE = YES_ERROR;
				GCC_WARN_UNDECLARED_SELECTOR = YES;
				GCC_WARN_UNINITIALIZED_AUTOS = YES_AGGRESSIVE;
				GCC_WARN_UNUSED_FUNCTION = YES;
				GCC_WARN_UNUSED_VARIABLE = YES;
				IPHONEOS_DEPLOYMENT_TARGET = 8.2;
				MTL_ENABLE_DEBUG_INFO = YES;
				ONLY_ACTIVE_ARCH = YES;
				SDKROOT = iphoneos;
			};
			name = Debug;
		};
		842507841AE6DABE004937EB /* Release */ = {
			isa = XCBuildConfiguration;
			buildSettings = {
				ALWAYS_SEARCH_USER_PATHS = NO;
				CLANG_CXX_LANGUAGE_STANDARD = "gnu++0x";
				CLANG_CXX_LIBRARY = "libc++";
				CLANG_ENABLE_MODULES = YES;
				CLANG_ENABLE_OBJC_ARC = YES;
				CLANG_WARN_BOOL_CONVERSION = YES;
				CLANG_WARN_CONSTANT_CONVERSION = YES;
				CLANG_WARN_DIRECT_OBJC_ISA_USAGE = YES_ERROR;
				CLANG_WARN_EMPTY_BODY = YES;
				CLANG_WARN_ENUM_CONVERSION = YES;
				CLANG_WARN_INT_CONVERSION = YES;
				CLANG_WARN_OBJC_ROOT_CLASS = YES_ERROR;
				CLANG_WARN_UNREACHABLE_CODE = YES;
				CLANG_WARN__DUPLICATE_METHOD_MATCH = YES;
				"CODE_SIGN_IDENTITY[sdk=iphoneos*]" = "iPhone Developer";
				COPY_PHASE_STRIP = NO;
				ENABLE_NS_ASSERTIONS = NO;
				ENABLE_STRICT_OBJC_MSGSEND = YES;
				GCC_C_LANGUAGE_STANDARD = gnu99;
				GCC_WARN_64_TO_32_BIT_CONVERSION = YES;
				GCC_WARN_ABOUT_RETURN_TYPE = YES_ERROR;
				GCC_WARN_UNDECLARED_SELECTOR = YES;
				GCC_WARN_UNINITIALIZED_AUTOS = YES_AGGRESSIVE;
				GCC_WARN_UNUSED_FUNCTION = YES;
				GCC_WARN_UNUSED_VARIABLE = YES;
				IPHONEOS_DEPLOYMENT_TARGET = 8.2;
				MTL_ENABLE_DEBUG_INFO = NO;
				SDKROOT = iphoneos;
				VALIDATE_PRODUCT = YES;
			};
			name = Release;
		};
		842507861AE6DABE004937EB /* Debug */ = {
			isa = XCBuildConfiguration;
			buildSettings = {
				ASSETCATALOG_COMPILER_APPICON_NAME = AppIcon;
				INFOPLIST_FILE = Tutorial_1/Info.plist;
				LD_RUNPATH_SEARCH_PATHS = "$(inherited) @executable_path/Frameworks";
				PRODUCT_NAME = "$(TARGET_NAME)";
			};
			name = Debug;
		};
		842507871AE6DABE004937EB /* Release */ = {
			isa = XCBuildConfiguration;
			buildSettings = {
				ASSETCATALOG_COMPILER_APPICON_NAME = AppIcon;
				INFOPLIST_FILE = Tutorial_1/Info.plist;
				LD_RUNPATH_SEARCH_PATHS = "$(inherited) @executable_path/Frameworks";
				PRODUCT_NAME = "$(TARGET_NAME)";
			};
			name = Release;
		};
		842507891AE6DABE004937EB /* Debug */ = {
			isa = XCBuildConfiguration;
			buildSettings = {
				BUNDLE_LOADER = "$(TEST_HOST)";
				FRAMEWORK_SEARCH_PATHS = (
					"$(SDKROOT)/Developer/Library/Frameworks",
					"$(inherited)",
				);
				GCC_PREPROCESSOR_DEFINITIONS = (
					"DEBUG=1",
					"$(inherited)",
				);
				INFOPLIST_FILE = Tutorial_1Tests/Info.plist;
				LD_RUNPATH_SEARCH_PATHS = "$(inherited) @executable_path/Frameworks @loader_path/Frameworks";
				PRODUCT_NAME = "$(TARGET_NAME)";
				TEST_HOST = "$(BUILT_PRODUCTS_DIR)/Tutorial_1.app/Tutorial_1";
			};
			name = Debug;
		};
		8425078A1AE6DABE004937EB /* Release */ = {
			isa = XCBuildConfiguration;
			buildSettings = {
				BUNDLE_LOADER = "$(TEST_HOST)";
				FRAMEWORK_SEARCH_PATHS = (
					"$(SDKROOT)/Developer/Library/Frameworks",
					"$(inherited)",
				);
				INFOPLIST_FILE = Tutorial_1Tests/Info.plist;
				LD_RUNPATH_SEARCH_PATHS = "$(inherited) @executable_path/Frameworks @loader_path/Frameworks";
				PRODUCT_NAME = "$(TARGET_NAME)";
				TEST_HOST = "$(BUILT_PRODUCTS_DIR)/Tutorial_1.app/Tutorial_1";
			};
			name = Release;
		};
/* End XCBuildConfiguration section */

/* Begin XCConfigurationList section */
		8425075D1AE6DABE004937EB /* Build configuration list for PBXProject "Tutorial_1" */ = {
			isa = XCConfigurationList;
			buildConfigurations = (
				842507831AE6DABE004937EB /* Debug */,
				842507841AE6DABE004937EB /* Release */,
			);
			defaultConfigurationIsVisible = 0;
			defaultConfigurationName = Release;
		};
		842507851AE6DABE004937EB /* Build configuration list for PBXNativeTarget "Tutorial_1" */ = {
			isa = XCConfigurationList;
			buildConfigurations = (
				842507861AE6DABE004937EB /* Debug */,
				842507871AE6DABE004937EB /* Release */,
			);
			defaultConfigurationIsVisible = 0;
		};
		842507881AE6DABE004937EB /* Build configuration list for PBXNativeTarget "Tutorial_1Tests" */ = {
			isa = XCConfigurationList;
			buildConfigurations = (
				842507891AE6DABE004937EB /* Debug */,
				8425078A1AE6DABE004937EB /* Release */,
			);
			defaultConfigurationIsVisible = 0;
		};
/* End XCConfigurationList section */
	};
	rootObject = 8425075A1AE6DABE004937EB /* Project object */;
}
